
Microsoft Visual Studio Solution File, Format Version 11.00
# Visual Studio 2010
Project("{8BC9CEB8-8B4A-11D0-8D11-00A0C91BC942}") = "Plugin", "plugin\Plugin.vcxproj", "{88378D52-7767-4B24-AB2F-116216FAF140}"
EndProject
Global
	GlobalSection(SolutionConfigurationPlatforms) = preSolution
		Debug|Win32 = Debug|Win32
		Release_GS|Win32 = Release_GS|Win32
		Release_GSCS|Win32 = Release_GSCS|Win32
		Release|Win32 = Release|Win32
	EndGlobalSection
	GlobalSection(ProjectConfigurationPlatforms) = postSolution
		{88378D52-7767-4B24-AB2F-116216FAF140}.Debug|Win32.ActiveCfg = Debug|Win32
		{88378D52-7767-4B24-AB2F-116216FAF140}.Debug|Win32.Build.0 = Debug|Win32
		{88378D52-7767-4B24-AB2F-116216FAF140}.Release_GS|Win32.ActiveCfg = Release_GS|Win32
		{88378D52-7767-4B24-AB2F-116216FAF140}.Release_GS|Win32.Build.0 = Release_GS|Win32
		{88378D52-7767-4B24-AB2F-116216FAF140}.Release_GSCS|Win32.ActiveCfg = Release_GSCS|Win32
		{88378D52-7767-4B24-AB2F-116216FAF140}.Release_GSCS|Win32.Build.0 = Release_GSCS|Win32
		{88378D52-7767-4B24-AB2F-116216FAF140}.Release|Win32.ActiveCfg = Release|Win32
		{88378D52-7767-4B24-AB2F-116216FAF140}.Release|Win32.Build.0 = Release|Win32
	EndGlobalSection
	GlobalSection(SolutionProperties) = preSolution
		HideSolutionNode = FALSE
	EndGlobalSection
EndGlobal
